
Microsoft Visual Studio Solution File, Format Version 12.00
# Visual Studio 15
Project("{FAE04EC0-301F-11D3-BF4B-00C04F79EFBC}") = "Meta.WitAi.Conduit", "Meta.WitAi.Conduit.csproj", "{5193670D-E4CD-9092-BEB5-F8FF39A28960}"
EndProject
Project("{FAE04EC0-301F-11D3-BF4B-00C04F79EFBC}") = "Oculus.Interaction", "Oculus.Interaction.csproj", "{7E4508DA-0B87-3899-25FA-FFDC55294429}"
EndProject
Project("{FAE04EC0-301F-11D3-BF4B-00C04F79EFBC}") = "Oculus.Interaction.Editor", "Oculus.Interaction.Editor.csproj", "{00F76D7B-0F7B-71DE-7D40-5BA2DB45BDEA}"
EndProject
Project("{FAE04EC0-301F-11D3-BF4B-00C04F79EFBC}") = "VoiceSDK.Telemetry", "VoiceSDK.Telemetry.csproj", "{E5F4E70E-A280-D3DF-56E5-2C835F0190D7}"
EndProject
Project("{FAE04EC0-301F-11D3-BF4B-00C04F79EFBC}") = "PhotonVoice.API", "PhotonVoice.API.csproj", "{2FE83C6C-FFAA-BE70-F7D3-40608E223E39}"
EndProject
Project("{FAE04EC0-301F-11D3-BF4B-00C04F79EFBC}") = "Fusion.Unity.Editor", "Fusion.Unity.Editor.csproj", "{C145C891-ED0A-E5C7-D12C-FC0F1C2E32BC}"
EndProject
Project("{FAE04EC0-301F-11D3-BF4B-00C04F79EFBC}") = "PhotonRealtime", "PhotonRealtime.csproj", "{B9CA9009-48DF-5A65-CDAF-1F505954EB3E}"
EndProject
Project("{FAE04EC0-301F-11D3-BF4B-00C04F79EFBC}") = "Meta.WitAi.Lib", "Meta.WitAi.Lib.csproj", "{23018E92-9C17-1956-D3A5-553A3448EE11}"
EndProject
Project("{FAE04EC0-301F-11D3-BF4B-00C04F79EFBC}") = "Meta.WitAi.Editor", "Meta.WitAi.Editor.csproj", "{2FCE1A85-1675-477E-32EB-A73BABB7F5FD}"
EndProject
Project("{FAE04EC0-301F-11D3-BF4B-00C04F79EFBC}") = "Meta.WitAi.Conduit.Editor", "Meta.WitAi.Conduit.Editor.csproj", "{C8EAF0D7-068B-41CF-253E-3959296F8887}"
EndProject
Project("{FAE04EC0-301F-11D3-BF4B-00C04F79EFBC}") = "Meta.WitAi", "Meta.WitAi.csproj", "{B29D89BF-B216-3469-6AA5-54EEF056E9BB}"
EndProject
Project("{FAE04EC0-301F-11D3-BF4B-00C04F79EFBC}") = "PhotonVoice", "PhotonVoice.csproj", "{88305EBC-E1D7-235B-9B6F-DD71FDD4A571}"
EndProject
Project("{FAE04EC0-301F-11D3-BF4B-00C04F79EFBC}") = "Fusion.Unity", "Fusion.Unity.csproj", "{B155FC8A-93FA-9E23-0FDB-5EE2ECFD0B63}"
EndProject
Project("{FAE04EC0-301F-11D3-BF4B-00C04F79EFBC}") = "Oculus.LipSync", "Oculus.LipSync.csproj", "{74C72B92-8BF8-9320-7F7B-CA64B070B9D0}"
EndProject
Project("{FAE04EC0-301F-11D3-BF4B-00C04F79EFBC}") = "VoiceSDK.Editor", "VoiceSDK.Editor.csproj", "{A965F93C-76E7-6461-07DB-9F87798DCFF9}"
EndProject
Project("{FAE04EC0-301F-11D3-BF4B-00C04F79EFBC}") = "Meta.WitAI.Lib.Editor", "Meta.WitAI.Lib.Editor.csproj", "{1C0015FB-6D17-A513-8046-D34C3B795305}"
EndProject
Project("{FAE04EC0-301F-11D3-BF4B-00C04F79EFBC}") = "Voice.FMOD.Editor", "Voice.FMOD.Editor.csproj", "{13A4A7B8-0B15-A216-28E4-2BC0CF722DF6}"
EndProject
Project("{FAE04EC0-301F-11D3-BF4B-00C04F79EFBC}") = "Meta.WitAi.TTS", "Meta.WitAi.TTS.csproj", "{F93A570D-1965-FB6F-1039-4374086821E9}"
EndProject
Project("{FAE04EC0-301F-11D3-BF4B-00C04F79EFBC}") = "Meta.WitAi.TTS.Editor", "Meta.WitAi.TTS.Editor.csproj", "{0C45AAF6-32FF-52E2-D451-2E97C5486CC9}"
EndProject
Project("{FAE04EC0-301F-11D3-BF4B-00C04F79EFBC}") = "Meta.Voice.Samples.BuiltInTimer", "Meta.Voice.Samples.BuiltInTimer.csproj", "{CC7349CF-1A4A-086D-2812-A9FC69DBD776}"
EndProject
Project("{FAE04EC0-301F-11D3-BF4B-00C04F79EFBC}") = "Meta.Voice.VSDKHub.Editor", "Meta.Voice.VSDKHub.Editor.csproj", "{69F8DD25-C327-2704-88F4-2B788ADF0CBB}"
EndProject
Project("{FAE04EC0-301F-11D3-BF4B-00C04F79EFBC}") = "VoiceSDK.Dictation.Runtime", "VoiceSDK.Dictation.Runtime.csproj", "{69CD20D1-CF58-9B8C-AC75-A7A46BF59ECD}"
EndProject
Project("{FAE04EC0-301F-11D3-BF4B-00C04F79EFBC}") = "AssistantCoreSDKRuntime", "AssistantCoreSDKRuntime.csproj", "{5B3F9283-E486-B7B8-AD1A-C1ADF797183E}"
EndProject
Project("{FAE04EC0-301F-11D3-BF4B-00C04F79EFBC}") = "Meta.Voice.Samples.TTSVoices", "Meta.Voice.Samples.TTSVoices.csproj", "{3DE13134-7B48-4B7E-D1B4-4B0D0F60E0D9}"
EndProject
Project("{FAE04EC0-301F-11D3-BF4B-00C04F79EFBC}") = "VoiceSDK.Runtime", "VoiceSDK.Runtime.csproj", "{6D98D405-E50A-8B35-1515-CFBBE66F4B8C}"
EndProject
Project("{FAE04EC0-301F-11D3-BF4B-00C04F79EFBC}") = "Meta.WitAi.TTS.Samples", "Meta.WitAi.TTS.Samples.csproj", "{2EA18E55-1D22-D250-72EF-C82CA4006CDD}"
EndProject
Project("{FAE04EC0-301F-11D3-BF4B-00C04F79EFBC}") = "Assembly-CSharp", "Assembly-CSharp.csproj", "{CC97E95C-7422-EEDB-9523-C13FA0D2B4ED}"
EndProject
Project("{FAE04EC0-301F-11D3-BF4B-00C04F79EFBC}") = "PhotonVoice.Editor", "PhotonVoice.Editor.csproj", "{60C01131-BB0B-4223-CE78-529583441E64}"
EndProject
Project("{FAE04EC0-301F-11D3-BF4B-00C04F79EFBC}") = "Meta.Voice.Samples.LightTraits", "Meta.Voice.Samples.LightTraits.csproj", "{FEEB726F-8B71-3296-4729-D51577F1F092}"
EndProject
Project("{FAE04EC0-301F-11D3-BF4B-00C04F79EFBC}") = "Meta.Voice.Hub.Editor", "Meta.Voice.Hub.Editor.csproj", "{DB5F09FD-521C-69B6-998F-801CA6AD8B12}"
EndProject
Project("{FAE04EC0-301F-11D3-BF4B-00C04F79EFBC}") = "Facebook.Wit.Dictation", "Facebook.Wit.Dictation.csproj", "{42B654A4-FE21-8529-6912-2F6E8BDDC362}"
EndProject
Project("{FAE04EC0-301F-11D3-BF4B-00C04F79EFBC}") = "Oculus.LipSync.Editor", "Oculus.LipSync.Editor.csproj", "{F95BA151-E29B-1326-7CEF-A9ED08BE523D}"
EndProject
Project("{FAE04EC0-301F-11D3-BF4B-00C04F79EFBC}") = "Assembly-CSharp-Editor", "Assembly-CSharp-Editor.csproj", "{EFA6574D-3963-0875-4DE9-26143A1666AB}"
EndProject
Project("{FAE04EC0-301F-11D3-BF4B-00C04F79EFBC}") = "Meta.VoiceSDK.Mic.Common", "Meta.VoiceSDK.Mic.Common.csproj", "{BCCBAE66-5114-DF8E-1B9B-289EC82DEF18}"
EndProject
Project("{FAE04EC0-301F-11D3-BF4B-00C04F79EFBC}") = "Meta.Voice.Samples.ShapesConduit", "Meta.Voice.Samples.ShapesConduit.csproj", "{2DE90333-CB79-6680-0FFB-5EFC9002E905}"
EndProject
Project("{FAE04EC0-301F-11D3-BF4B-00C04F79EFBC}") = "Meta.VoiceSDK.Mic.Other", "Meta.VoiceSDK.Mic.Other.csproj", "{8892D229-7D1A-CB51-FFB3-9CE1AC1A2EF6}"
EndProject
Project("{FAE04EC0-301F-11D3-BF4B-00C04F79EFBC}") = "Meta.Voice.Samples.LiveUnderstanding", "Meta.Voice.Samples.LiveUnderstanding.csproj", "{A92FAEB9-E52E-434C-7ECF-22914EC76399}"
EndProject
Project("{FAE04EC0-301F-11D3-BF4B-00C04F79EFBC}") = "VoiceSDK.Dictation.Editor", "VoiceSDK.Dictation.Editor.csproj", "{D53695A5-CB06-258E-E6E7-004166580FE5}"
EndProject
Project("{FAE04EC0-301F-11D3-BF4B-00C04F79EFBC}") = "AssistantCoreSDKEditor", "AssistantCoreSDKEditor.csproj", "{C6A0C4C7-E387-0114-6D79-699F87FCC2B3}"
EndProject
Project("{FAE04EC0-301F-11D3-BF4B-00C04F79EFBC}") = "PhotonVoice.Fusion", "PhotonVoice.Fusion.csproj", "{AC5EE39D-0128-C87E-737B-B9B28A3727D7}"
EndProject
Project("{FAE04EC0-301F-11D3-BF4B-00C04F79EFBC}") = "Oculus.Interaction.InterfaceSupport", "Oculus.Interaction.InterfaceSupport.csproj", "{65BEAE2C-D0B2-3388-2A1F-4C9A99878639}"
EndProject
Project("{FAE04EC0-301F-11D3-BF4B-00C04F79EFBC}") = "Meta.VoiceSDK.Mic.WebGL", "Meta.VoiceSDK.Mic.WebGL.csproj", "{0886B554-EBF6-B69F-4B84-37AEC31C252F}"
EndProject
Project("{FAE04EC0-301F-11D3-BF4B-00C04F79EFBC}") = "MicAmplifierEditor.Editor", "MicAmplifierEditor.Editor.csproj", "{A4684E45-AD68-B64E-D748-769ABF56BC14}"
EndProject
Project("{FAE04EC0-301F-11D3-BF4B-00C04F79EFBC}") = "Meta.Voice.Hub.Runtime", "Meta.Voice.Hub.Runtime.csproj", "{CCD59ADF-CA8A-2565-3073-E40FB5103601}"
EndProject
Project("{FAE04EC0-301F-11D3-BF4B-00C04F79EFBC}") = "Unity.Fusion.CodeGen", "Unity.Fusion.CodeGen.csproj", "{BA22FE60-B7D7-8C24-1096-6D9F8D47B1D2}"
EndProject
Project("{FAE04EC0-301F-11D3-BF4B-00C04F79EFBC}") = "Meta.Voice.Samples.Chess", "Meta.Voice.Samples.Chess.csproj", "{702CBBFA-6C66-BF8B-482B-0621D4737756}"
EndProject
Project("{FAE04EC0-301F-11D3-BF4B-00C04F79EFBC}") = "Meta.Voice.Samples.Dictation", "Meta.Voice.Samples.Dictation.csproj", "{519EBD5C-28C6-AAE2-C579-5BA59E1B6EAC}"
EndProject
Project("{FAE04EC0-301F-11D3-BF4B-00C04F79EFBC}") = "Meta.Voice.Samples.Shapes", "Meta.Voice.Samples.Shapes.csproj", "{714A5385-54EC-D725-1807-C8BFE9E96849}"
EndProject
Project("{FAE04EC0-301F-11D3-BF4B-00C04F79EFBC}") = "PhotonVoice.Utilities.Editor", "PhotonVoice.Utilities.Editor.csproj", "{85AFA6C7-615E-C777-B0EE-BA105465BCF3}"
EndProject
Project("{FAE04EC0-301F-11D3-BF4B-00C04F79EFBC}") = "PhotonVoice.Fusion.Editor", "PhotonVoice.Fusion.Editor.csproj", "{C3281AFE-4E39-4DBE-81F8-2EADD671D865}"
EndProject
Project("{FAE04EC0-301F-11D3-BF4B-00C04F79EFBC}") = "Facebook.Wit.Dictation.Editor", "Facebook.Wit.Dictation.Editor.csproj", "{F381EE84-2B8E-22DC-D5E5-135A26CD61FC}"
EndProject
Global
	GlobalSection(SolutionConfigurationPlatforms) = preSolution
		Debug|Any CPU = Debug|Any CPU
		Release|Any CPU = Release|Any CPU
	EndGlobalSection
	GlobalSection(ProjectConfigurationPlatforms) = postSolution
		{5193670D-E4CD-9092-BEB5-F8FF39A28960}.Debug|Any CPU.ActiveCfg = Debug|Any CPU
		{5193670D-E4CD-9092-BEB5-F8FF39A28960}.Debug|Any CPU.Build.0 = Debug|Any CPU
		{5193670D-E4CD-9092-BEB5-F8FF39A28960}.Release|Any CPU.ActiveCfg = Release|Any CPU
		{5193670D-E4CD-9092-BEB5-F8FF39A28960}.Release|Any CPU.Build.0 = Release|Any CPU
		{7E4508DA-0B87-3899-25FA-FFDC55294429}.Debug|Any CPU.ActiveCfg = Debug|Any CPU
		{7E4508DA-0B87-3899-25FA-FFDC55294429}.Debug|Any CPU.Build.0 = Debug|Any CPU
		{7E4508DA-0B87-3899-25FA-FFDC55294429}.Release|Any CPU.ActiveCfg = Release|Any CPU
		{7E4508DA-0B87-3899-25FA-FFDC55294429}.Release|Any CPU.Build.0 = Release|Any CPU
		{00F76D7B-0F7B-71DE-7D40-5BA2DB45BDEA}.Debug|Any CPU.ActiveCfg = Debug|Any CPU
		{00F76D7B-0F7B-71DE-7D40-5BA2DB45BDEA}.Debug|Any CPU.Build.0 = Debug|Any CPU
		{00F76D7B-0F7B-71DE-7D40-5BA2DB45BDEA}.Release|Any CPU.ActiveCfg = Release|Any CPU
		{00F76D7B-0F7B-71DE-7D40-5BA2DB45BDEA}.Release|Any CPU.Build.0 = Release|Any CPU
		{E5F4E70E-A280-D3DF-56E5-2C835F0190D7}.Debug|Any CPU.ActiveCfg = Debug|Any CPU
		{E5F4E70E-A280-D3DF-56E5-2C835F0190D7}.Debug|Any CPU.Build.0 = Debug|Any CPU
		{E5F4E70E-A280-D3DF-56E5-2C835F0190D7}.Release|Any CPU.ActiveCfg = Release|Any CPU
		{E5F4E70E-A280-D3DF-56E5-2C835F0190D7}.Release|Any CPU.Build.0 = Release|Any CPU
		{2FE83C6C-FFAA-BE70-F7D3-40608E223E39}.Debug|Any CPU.ActiveCfg = Debug|Any CPU
		{2FE83C6C-FFAA-BE70-F7D3-40608E223E39}.Debug|Any CPU.Build.0 = Debug|Any CPU
		{2FE83C6C-FFAA-BE70-F7D3-40608E223E39}.Release|Any CPU.ActiveCfg = Release|Any CPU
		{2FE83C6C-FFAA-BE70-F7D3-40608E223E39}.Release|Any CPU.Build.0 = Release|Any CPU
		{C145C891-ED0A-E5C7-D12C-FC0F1C2E32BC}.Debug|Any CPU.ActiveCfg = Debug|Any CPU
		{C145C891-ED0A-E5C7-D12C-FC0F1C2E32BC}.Debug|Any CPU.Build.0 = Debug|Any CPU
		{C145C891-ED0A-E5C7-D12C-FC0F1C2E32BC}.Release|Any CPU.ActiveCfg = Release|Any CPU
		{C145C891-ED0A-E5C7-D12C-FC0F1C2E32BC}.Release|Any CPU.Build.0 = Release|Any CPU
		{B9CA9009-48DF-5A65-CDAF-1F505954EB3E}.Debug|Any CPU.ActiveCfg = Debug|Any CPU
		{B9CA9009-48DF-5A65-CDAF-1F505954EB3E}.Debug|Any CPU.Build.0 = Debug|Any CPU
		{B9CA9009-48DF-5A65-CDAF-1F505954EB3E}.Release|Any CPU.ActiveCfg = Release|Any CPU
		{B9CA9009-48DF-5A65-CDAF-1F505954EB3E}.Release|Any CPU.Build.0 = Release|Any CPU
		{23018E92-9C17-1956-D3A5-553A3448EE11}.Debug|Any CPU.ActiveCfg = Debug|Any CPU
		{23018E92-9C17-1956-D3A5-553A3448EE11}.Debug|Any CPU.Build.0 = Debug|Any CPU
		{23018E92-9C17-1956-D3A5-553A3448EE11}.Release|Any CPU.ActiveCfg = Release|Any CPU
		{23018E92-9C17-1956-D3A5-553A3448EE11}.Release|Any CPU.Build.0 = Release|Any CPU
		{2FCE1A85-1675-477E-32EB-A73BABB7F5FD}.Debug|Any CPU.ActiveCfg = Debug|Any CPU
		{2FCE1A85-1675-477E-32EB-A73BABB7F5FD}.Debug|Any CPU.Build.0 = Debug|Any CPU
		{2FCE1A85-1675-477E-32EB-A73BABB7F5FD}.Release|Any CPU.ActiveCfg = Release|Any CPU
		{2FCE1A85-1675-477E-32EB-A73BABB7F5FD}.Release|Any CPU.Build.0 = Release|Any CPU
		{C8EAF0D7-068B-41CF-253E-3959296F8887}.Debug|Any CPU.ActiveCfg = Debug|Any CPU
		{C8EAF0D7-068B-41CF-253E-3959296F8887}.Debug|Any CPU.Build.0 = Debug|Any CPU
		{C8EAF0D7-068B-41CF-253E-3959296F8887}.Release|Any CPU.ActiveCfg = Release|Any CPU
		{C8EAF0D7-068B-41CF-253E-3959296F8887}.Release|Any CPU.Build.0 = Release|Any CPU
		{B29D89BF-B216-3469-6AA5-54EEF056E9BB}.Debug|Any CPU.ActiveCfg = Debug|Any CPU
		{B29D89BF-B216-3469-6AA5-54EEF056E9BB}.Debug|Any CPU.Build.0 = Debug|Any CPU
		{B29D89BF-B216-3469-6AA5-54EEF056E9BB}.Release|Any CPU.ActiveCfg = Release|Any CPU
		{B29D89BF-B216-3469-6AA5-54EEF056E9BB}.Release|Any CPU.Build.0 = Release|Any CPU
		{88305EBC-E1D7-235B-9B6F-DD71FDD4A571}.Debug|Any CPU.ActiveCfg = Debug|Any CPU
		{88305EBC-E1D7-235B-9B6F-DD71FDD4A571}.Debug|Any CPU.Build.0 = Debug|Any CPU
		{88305EBC-E1D7-235B-9B6F-DD71FDD4A571}.Release|Any CPU.ActiveCfg = Release|Any CPU
		{88305EBC-E1D7-235B-9B6F-DD71FDD4A571}.Release|Any CPU.Build.0 = Release|Any CPU
		{B155FC8A-93FA-9E23-0FDB-5EE2ECFD0B63}.Debug|Any CPU.ActiveCfg = Debug|Any CPU
		{B155FC8A-93FA-9E23-0FDB-5EE2ECFD0B63}.Debug|Any CPU.Build.0 = Debug|Any CPU
		{B155FC8A-93FA-9E23-0FDB-5EE2ECFD0B63}.Release|Any CPU.ActiveCfg = Release|Any CPU
		{B155FC8A-93FA-9E23-0FDB-5EE2ECFD0B63}.Release|Any CPU.Build.0 = Release|Any CPU
		{74C72B92-8BF8-9320-7F7B-CA64B070B9D0}.Debug|Any CPU.ActiveCfg = Debug|Any CPU
		{74C72B92-8BF8-9320-7F7B-CA64B070B9D0}.Debug|Any CPU.Build.0 = Debug|Any CPU
		{74C72B92-8BF8-9320-7F7B-CA64B070B9D0}.Release|Any CPU.ActiveCfg = Release|Any CPU
		{74C72B92-8BF8-9320-7F7B-CA64B070B9D0}.Release|Any CPU.Build.0 = Release|Any CPU
		{A965F93C-76E7-6461-07DB-9F87798DCFF9}.Debug|Any CPU.ActiveCfg = Debug|Any CPU
		{A965F93C-76E7-6461-07DB-9F87798DCFF9}.Debug|Any CPU.Build.0 = Debug|Any CPU
		{A965F93C-76E7-6461-07DB-9F87798DCFF9}.Release|Any CPU.ActiveCfg = Release|Any CPU
		{A965F93C-76E7-6461-07DB-9F87798DCFF9}.Release|Any CPU.Build.0 = Release|Any CPU
		{1C0015FB-6D17-A513-8046-D34C3B795305}.Debug|Any CPU.ActiveCfg = Debug|Any CPU
		{1C0015FB-6D17-A513-8046-D34C3B795305}.Debug|Any CPU.Build.0 = Debug|Any CPU
		{1C0015FB-6D17-A513-8046-D34C3B795305}.Release|Any CPU.ActiveCfg = Release|Any CPU
		{1C0015FB-6D17-A513-8046-D34C3B795305}.Release|Any CPU.Build.0 = Release|Any CPU
		{13A4A7B8-0B15-A216-28E4-2BC0CF722DF6}.Debug|Any CPU.ActiveCfg = Debug|Any CPU
		{13A4A7B8-0B15-A216-28E4-2BC0CF722DF6}.Debug|Any CPU.Build.0 = Debug|Any CPU
		{13A4A7B8-0B15-A216-28E4-2BC0CF722DF6}.Release|Any CPU.ActiveCfg = Release|Any CPU
		{13A4A7B8-0B15-A216-28E4-2BC0CF722DF6}.Release|Any CPU.Build.0 = Release|Any CPU
		{F93A570D-1965-FB6F-1039-4374086821E9}.Debug|Any CPU.ActiveCfg = Debug|Any CPU
		{F93A570D-1965-FB6F-1039-4374086821E9}.Debug|Any CPU.Build.0 = Debug|Any CPU
		{F93A570D-1965-FB6F-1039-4374086821E9}.Release|Any CPU.ActiveCfg = Release|Any CPU
		{F93A570D-1965-FB6F-1039-4374086821E9}.Release|Any CPU.Build.0 = Release|Any CPU
		{0C45AAF6-32FF-52E2-D451-2E97C5486CC9}.Debug|Any CPU.ActiveCfg = Debug|Any CPU
		{0C45AAF6-32FF-52E2-D451-2E97C5486CC9}.Debug|Any CPU.Build.0 = Debug|Any CPU
		{0C45AAF6-32FF-52E2-D451-2E97C5486CC9}.Release|Any CPU.ActiveCfg = Release|Any CPU
		{0C45AAF6-32FF-52E2-D451-2E97C5486CC9}.Release|Any CPU.Build.0 = Release|Any CPU
		{CC7349CF-1A4A-086D-2812-A9FC69DBD776}.Debug|Any CPU.ActiveCfg = Debug|Any CPU
		{CC7349CF-1A4A-086D-2812-A9FC69DBD776}.Debug|Any CPU.Build.0 = Debug|Any CPU
		{CC7349CF-1A4A-086D-2812-A9FC69DBD776}.Release|Any CPU.ActiveCfg = Release|Any CPU
		{CC7349CF-1A4A-086D-2812-A9FC69DBD776}.Release|Any CPU.Build.0 = Release|Any CPU
		{69F8DD25-C327-2704-88F4-2B788ADF0CBB}.Debug|Any CPU.ActiveCfg = Debug|Any CPU
		{69F8DD25-C327-2704-88F4-2B788ADF0CBB}.Debug|Any CPU.Build.0 = Debug|Any CPU
		{69F8DD25-C327-2704-88F4-2B788ADF0CBB}.Release|Any CPU.ActiveCfg = Release|Any CPU
		{69F8DD25-C327-2704-88F4-2B788ADF0CBB}.Release|Any CPU.Build.0 = Release|Any CPU
		{69CD20D1-CF58-9B8C-AC75-A7A46BF59ECD}.Debug|Any CPU.ActiveCfg = Debug|Any CPU
		{69CD20D1-CF58-9B8C-AC75-A7A46BF59ECD}.Debug|Any CPU.Build.0 = Debug|Any CPU
		{69CD20D1-CF58-9B8C-AC75-A7A46BF59ECD}.Release|Any CPU.ActiveCfg = Release|Any CPU
		{69CD20D1-CF58-9B8C-AC75-A7A46BF59ECD}.Release|Any CPU.Build.0 = Release|Any CPU
		{5B3F9283-E486-B7B8-AD1A-C1ADF797183E}.Debug|Any CPU.ActiveCfg = Debug|Any CPU
		{5B3F9283-E486-B7B8-AD1A-C1ADF797183E}.Debug|Any CPU.Build.0 = Debug|Any CPU
		{5B3F9283-E486-B7B8-AD1A-C1ADF797183E}.Release|Any CPU.ActiveCfg = Release|Any CPU
		{5B3F9283-E486-B7B8-AD1A-C1ADF797183E}.Release|Any CPU.Build.0 = Release|Any CPU
		{3DE13134-7B48-4B7E-D1B4-4B0D0F60E0D9}.Debug|Any CPU.ActiveCfg = Debug|Any CPU
		{3DE13134-7B48-4B7E-D1B4-4B0D0F60E0D9}.Debug|Any CPU.Build.0 = Debug|Any CPU
		{3DE13134-7B48-4B7E-D1B4-4B0D0F60E0D9}.Release|Any CPU.ActiveCfg = Release|Any CPU
		{3DE13134-7B48-4B7E-D1B4-4B0D0F60E0D9}.Release|Any CPU.Build.0 = Release|Any CPU
		{6D98D405-E50A-8B35-1515-CFBBE66F4B8C}.Debug|Any CPU.ActiveCfg = Debug|Any CPU
		{6D98D405-E50A-8B35-1515-CFBBE66F4B8C}.Debug|Any CPU.Build.0 = Debug|Any CPU
		{6D98D405-E50A-8B35-1515-CFBBE66F4B8C}.Release|Any CPU.ActiveCfg = Release|Any CPU
		{6D98D405-E50A-8B35-1515-CFBBE66F4B8C}.Release|Any CPU.Build.0 = Release|Any CPU
		{2EA18E55-1D22-D250-72EF-C82CA4006CDD}.Debug|Any CPU.ActiveCfg = Debug|Any CPU
		{2EA18E55-1D22-D250-72EF-C82CA4006CDD}.Debug|Any CPU.Build.0 = Debug|Any CPU
		{2EA18E55-1D22-D250-72EF-C82CA4006CDD}.Release|Any CPU.ActiveCfg = Release|Any CPU
		{2EA18E55-1D22-D250-72EF-C82CA4006CDD}.Release|Any CPU.Build.0 = Release|Any CPU
		{CC97E95C-7422-EEDB-9523-C13FA0D2B4ED}.Debug|Any CPU.ActiveCfg = Debug|Any CPU
		{CC97E95C-7422-EEDB-9523-C13FA0D2B4ED}.Debug|Any CPU.Build.0 = Debug|Any CPU
		{CC97E95C-7422-EEDB-9523-C13FA0D2B4ED}.Release|Any CPU.ActiveCfg = Release|Any CPU
		{CC97E95C-7422-EEDB-9523-C13FA0D2B4ED}.Release|Any CPU.Build.0 = Release|Any CPU
		{60C01131-BB0B-4223-CE78-529583441E64}.Debug|Any CPU.ActiveCfg = Debug|Any CPU
		{60C01131-BB0B-4223-CE78-529583441E64}.Debug|Any CPU.Build.0 = Debug|Any CPU
		{60C01131-BB0B-4223-CE78-529583441E64}.Release|Any CPU.ActiveCfg = Release|Any CPU
		{60C01131-BB0B-4223-CE78-529583441E64}.Release|Any CPU.Build.0 = Release|Any CPU
		{FEEB726F-8B71-3296-4729-D51577F1F092}.Debug|Any CPU.ActiveCfg = Debug|Any CPU
		{FEEB726F-8B71-3296-4729-D51577F1F092}.Debug|Any CPU.Build.0 = Debug|Any CPU
		{FEEB726F-8B71-3296-4729-D51577F1F092}.Release|Any CPU.ActiveCfg = Release|Any CPU
		{FEEB726F-8B71-3296-4729-D51577F1F092}.Release|Any CPU.Build.0 = Release|Any CPU
		{DB5F09FD-521C-69B6-998F-801CA6AD8B12}.Debug|Any CPU.ActiveCfg = Debug|Any CPU
		{DB5F09FD-521C-69B6-998F-801CA6AD8B12}.Debug|Any CPU.Build.0 = Debug|Any CPU
		{DB5F09FD-521C-69B6-998F-801CA6AD8B12}.Release|Any CPU.ActiveCfg = Release|Any CPU
		{DB5F09FD-521C-69B6-998F-801CA6AD8B12}.Release|Any CPU.Build.0 = Release|Any CPU
		{42B654A4-FE21-8529-6912-2F6E8BDDC362}.Debug|Any CPU.ActiveCfg = Debug|Any CPU
		{42B654A4-FE21-8529-6912-2F6E8BDDC362}.Debug|Any CPU.Build.0 = Debug|Any CPU
		{42B654A4-FE21-8529-6912-2F6E8BDDC362}.Release|Any CPU.ActiveCfg = Release|Any CPU
		{42B654A4-FE21-8529-6912-2F6E8BDDC362}.Release|Any CPU.Build.0 = Release|Any CPU
		{F95BA151-E29B-1326-7CEF-A9ED08BE523D}.Debug|Any CPU.ActiveCfg = Debug|Any CPU
		{F95BA151-E29B-1326-7CEF-A9ED08BE523D}.Debug|Any CPU.Build.0 = Debug|Any CPU
		{F95BA151-E29B-1326-7CEF-A9ED08BE523D}.Release|Any CPU.ActiveCfg = Release|Any CPU
		{F95BA151-E29B-1326-7CEF-A9ED08BE523D}.Release|Any CPU.Build.0 = Release|Any CPU
		{EFA6574D-3963-0875-4DE9-26143A1666AB}.Debug|Any CPU.ActiveCfg = Debug|Any CPU
		{EFA6574D-3963-0875-4DE9-26143A1666AB}.Debug|Any CPU.Build.0 = Debug|Any CPU
		{EFA6574D-3963-0875-4DE9-26143A1666AB}.Release|Any CPU.ActiveCfg = Release|Any CPU
		{EFA6574D-3963-0875-4DE9-26143A1666AB}.Release|Any CPU.Build.0 = Release|Any CPU
		{BCCBAE66-5114-DF8E-1B9B-289EC82DEF18}.Debug|Any CPU.ActiveCfg = Debug|Any CPU
		{BCCBAE66-5114-DF8E-1B9B-289EC82DEF18}.Debug|Any CPU.Build.0 = Debug|Any CPU
		{BCCBAE66-5114-DF8E-1B9B-289EC82DEF18}.Release|Any CPU.ActiveCfg = Release|Any CPU
		{BCCBAE66-5114-DF8E-1B9B-289EC82DEF18}.Release|Any CPU.Build.0 = Release|Any CPU
		{2DE90333-CB79-6680-0FFB-5EFC9002E905}.Debug|Any CPU.ActiveCfg = Debug|Any CPU
		{2DE90333-CB79-6680-0FFB-5EFC9002E905}.Debug|Any CPU.Build.0 = Debug|Any CPU
		{2DE90333-CB79-6680-0FFB-5EFC9002E905}.Release|Any CPU.ActiveCfg = Release|Any CPU
		{2DE90333-CB79-6680-0FFB-5EFC9002E905}.Release|Any CPU.Build.0 = Release|Any CPU
		{8892D229-7D1A-CB51-FFB3-9CE1AC1A2EF6}.Debug|Any CPU.ActiveCfg = Debug|Any CPU
		{8892D229-7D1A-CB51-FFB3-9CE1AC1A2EF6}.Debug|Any CPU.Build.0 = Debug|Any CPU
		{8892D229-7D1A-CB51-FFB3-9CE1AC1A2EF6}.Release|Any CPU.ActiveCfg = Release|Any CPU
		{8892D229-7D1A-CB51-FFB3-9CE1AC1A2EF6}.Release|Any CPU.Build.0 = Release|Any CPU
		{A92FAEB9-E52E-434C-7ECF-22914EC76399}.Debug|Any CPU.ActiveCfg = Debug|Any CPU
		{A92FAEB9-E52E-434C-7ECF-22914EC76399}.Debug|Any CPU.Build.0 = Debug|Any CPU
		{A92FAEB9-E52E-434C-7ECF-22914EC76399}.Release|Any CPU.ActiveCfg = Release|Any CPU
		{A92FAEB9-E52E-434C-7ECF-22914EC76399}.Release|Any CPU.Build.0 = Release|Any CPU
		{D53695A5-CB06-258E-E6E7-004166580FE5}.Debug|Any CPU.ActiveCfg = Debug|Any CPU
		{D53695A5-CB06-258E-E6E7-004166580FE5}.Debug|Any CPU.Build.0 = Debug|Any CPU
		{D53695A5-CB06-258E-E6E7-004166580FE5}.Release|Any CPU.ActiveCfg = Release|Any CPU
		{D53695A5-CB06-258E-E6E7-004166580FE5}.Release|Any CPU.Build.0 = Release|Any CPU
		{C6A0C4C7-E387-0114-6D79-699F87FCC2B3}.Debug|Any CPU.ActiveCfg = Debug|Any CPU
		{C6A0C4C7-E387-0114-6D79-699F87FCC2B3}.Debug|Any CPU.Build.0 = Debug|Any CPU
		{C6A0C4C7-E387-0114-6D79-699F87FCC2B3}.Release|Any CPU.ActiveCfg = Release|Any CPU
		{C6A0C4C7-E387-0114-6D79-699F87FCC2B3}.Release|Any CPU.Build.0 = Release|Any CPU
		{AC5EE39D-0128-C87E-737B-B9B28A3727D7}.Debug|Any CPU.ActiveCfg = Debug|Any CPU
		{AC5EE39D-0128-C87E-737B-B9B28A3727D7}.Debug|Any CPU.Build.0 = Debug|Any CPU
		{AC5EE39D-0128-C87E-737B-B9B28A3727D7}.Release|Any CPU.ActiveCfg = Release|Any CPU
		{AC5EE39D-0128-C87E-737B-B9B28A3727D7}.Release|Any CPU.Build.0 = Release|Any CPU
		{65BEAE2C-D0B2-3388-2A1F-4C9A99878639}.Debug|Any CPU.ActiveCfg = Debug|Any CPU
		{65BEAE2C-D0B2-3388-2A1F-4C9A99878639}.Debug|Any CPU.Build.0 = Debug|Any CPU
		{65BEAE2C-D0B2-3388-2A1F-4C9A99878639}.Release|Any CPU.ActiveCfg = Release|Any CPU
		{65BEAE2C-D0B2-3388-2A1F-4C9A99878639}.Release|Any CPU.Build.0 = Release|Any CPU
		{0886B554-EBF6-B69F-4B84-37AEC31C252F}.Debug|Any CPU.ActiveCfg = Debug|Any CPU
		{0886B554-EBF6-B69F-4B84-37AEC31C252F}.Debug|Any CPU.Build.0 = Debug|Any CPU
		{0886B554-EBF6-B69F-4B84-37AEC31C252F}.Release|Any CPU.ActiveCfg = Release|Any CPU
		{0886B554-EBF6-B69F-4B84-37AEC31C252F}.Release|Any CPU.Build.0 = Release|Any CPU
		{A4684E45-AD68-B64E-D748-769ABF56BC14}.Debug|Any CPU.ActiveCfg = Debug|Any CPU
		{A4684E45-AD68-B64E-D748-769ABF56BC14}.Debug|Any CPU.Build.0 = Debug|Any CPU
		{A4684E45-AD68-B64E-D748-769ABF56BC14}.Release|Any CPU.ActiveCfg = Release|Any CPU
		{A4684E45-AD68-B64E-D748-769ABF56BC14}.Release|Any CPU.Build.0 = Release|Any CPU
		{CCD59ADF-CA8A-2565-3073-E40FB5103601}.Debug|Any CPU.ActiveCfg = Debug|Any CPU
		{CCD59ADF-CA8A-2565-3073-E40FB5103601}.Debug|Any CPU.Build.0 = Debug|Any CPU
		{CCD59ADF-CA8A-2565-3073-E40FB5103601}.Release|Any CPU.ActiveCfg = Release|Any CPU
		{CCD59ADF-CA8A-2565-3073-E40FB5103601}.Release|Any CPU.Build.0 = Release|Any CPU
		{BA22FE60-B7D7-8C24-1096-6D9F8D47B1D2}.Debug|Any CPU.ActiveCfg = Debug|Any CPU
		{BA22FE60-B7D7-8C24-1096-6D9F8D47B1D2}.Debug|Any CPU.Build.0 = Debug|Any CPU
		{BA22FE60-B7D7-8C24-1096-6D9F8D47B1D2}.Release|Any CPU.ActiveCfg = Release|Any CPU
		{BA22FE60-B7D7-8C24-1096-6D9F8D47B1D2}.Release|Any CPU.Build.0 = Release|Any CPU
		{702CBBFA-6C66-BF8B-482B-0621D4737756}.Debug|Any CPU.ActiveCfg = Debug|Any CPU
		{702CBBFA-6C66-BF8B-482B-0621D4737756}.Debug|Any CPU.Build.0 = Debug|Any CPU
		{702CBBFA-6C66-BF8B-482B-0621D4737756}.Release|Any CPU.ActiveCfg = Release|Any CPU
		{702CBBFA-6C66-BF8B-482B-0621D4737756}.Release|Any CPU.Build.0 = Release|Any CPU
		{519EBD5C-28C6-AAE2-C579-5BA59E1B6EAC}.Debug|Any CPU.ActiveCfg = Debug|Any CPU
		{519EBD5C-28C6-AAE2-C579-5BA59E1B6EAC}.Debug|Any CPU.Build.0 = Debug|Any CPU
		{519EBD5C-28C6-AAE2-C579-5BA59E1B6EAC}.Release|Any CPU.ActiveCfg = Release|Any CPU
		{519EBD5C-28C6-AAE2-C579-5BA59E1B6EAC}.Release|Any CPU.Build.0 = Release|Any CPU
		{714A5385-54EC-D725-1807-C8BFE9E96849}.Debug|Any CPU.ActiveCfg = Debug|Any CPU
		{714A5385-54EC-D725-1807-C8BFE9E96849}.Debug|Any CPU.Build.0 = Debug|Any CPU
		{714A5385-54EC-D725-1807-C8BFE9E96849}.Release|Any CPU.ActiveCfg = Release|Any CPU
		{714A5385-54EC-D725-1807-C8BFE9E96849}.Release|Any CPU.Build.0 = Release|Any CPU
		{85AFA6C7-615E-C777-B0EE-BA105465BCF3}.Debug|Any CPU.ActiveCfg = Debug|Any CPU
		{85AFA6C7-615E-C777-B0EE-BA105465BCF3}.Debug|Any CPU.Build.0 = Debug|Any CPU
		{85AFA6C7-615E-C777-B0EE-BA105465BCF3}.Release|Any CPU.ActiveCfg = Release|Any CPU
		{85AFA6C7-615E-C777-B0EE-BA105465BCF3}.Release|Any CPU.Build.0 = Release|Any CPU
		{C3281AFE-4E39-4DBE-81F8-2EADD671D865}.Debug|Any CPU.ActiveCfg = Debug|Any CPU
		{C3281AFE-4E39-4DBE-81F8-2EADD671D865}.Debug|Any CPU.Build.0 = Debug|Any CPU
		{C3281AFE-4E39-4DBE-81F8-2EADD671D865}.Release|Any CPU.ActiveCfg = Release|Any CPU
		{C3281AFE-4E39-4DBE-81F8-2EADD671D865}.Release|Any CPU.Build.0 = Release|Any CPU
		{F381EE84-2B8E-22DC-D5E5-135A26CD61FC}.Debug|Any CPU.ActiveCfg = Debug|Any CPU
		{F381EE84-2B8E-22DC-D5E5-135A26CD61FC}.Debug|Any CPU.Build.0 = Debug|Any CPU
		{F381EE84-2B8E-22DC-D5E5-135A26CD61FC}.Release|Any CPU.ActiveCfg = Release|Any CPU
		{F381EE84-2B8E-22DC-D5E5-135A26CD61FC}.Release|Any CPU.Build.0 = Release|Any CPU
	EndGlobalSection
	GlobalSection(SolutionProperties) = preSolution
		HideSolutionNode = FALSE
	EndGlobalSection
EndGlobal
