
Microsoft Visual Studio Solution File, Format Version 12.00
# Visual Studio 15
Project("{FAE04EC0-301F-11D3-BF4B-00C04F79EFBC}") = "Meta.WitAi.Conduit", "Meta.WitAi.Conduit.csproj", "{D4FD7CE0-0384-E9A8-D1CF-ABF423F7E495}"
EndProject
Project("{FAE04EC0-301F-11D3-BF4B-00C04F79EFBC}") = "Oculus.Interaction", "Oculus.Interaction.csproj", "{572EFCCA-F57A-CBCB-35AE-4CBC857E0807}"
EndProject
Project("{FAE04EC0-301F-11D3-BF4B-00C04F79EFBC}") = "Oculus.Interaction.Editor", "Oculus.Interaction.Editor.csproj", "{FEF5F276-D05A-B483-FF5D-45DAD6950527}"
EndProject
Project("{FAE04EC0-301F-11D3-BF4B-00C04F79EFBC}") = "VoiceSDK.Telemetry", "VoiceSDK.Telemetry.csproj", "{CF88E4A9-D09B-6C63-96DB-F7FA3540BFEF}"
EndProject
Project("{FAE04EC0-301F-11D3-BF4B-00C04F79EFBC}") = "PhotonVoice.API", "PhotonVoice.API.csproj", "{976D2FC2-E328-62F7-2C8D-12D58319422F}"
EndProject
Project("{FAE04EC0-301F-11D3-BF4B-00C04F79EFBC}") = "Fusion.Unity.Editor", "Fusion.Unity.Editor.csproj", "{6609548E-440E-1A5C-6543-AE268DAF0DB5}"
EndProject
Project("{FAE04EC0-301F-11D3-BF4B-00C04F79EFBC}") = "PhotonRealtime", "PhotonRealtime.csproj", "{07F8C18E-92E4-8B81-4CD1-1CAC94B6ADE3}"
EndProject
Project("{FAE04EC0-301F-11D3-BF4B-00C04F79EFBC}") = "Meta.WitAi.Lib", "Meta.WitAi.Lib.csproj", "{3D1E7CE2-E265-8930-E45B-9A7DC44693B4}"
EndProject
Project("{FAE04EC0-301F-11D3-BF4B-00C04F79EFBC}") = "Meta.WitAi.Editor", "Meta.WitAi.Editor.csproj", "{BA5456AC-A147-2CD4-2010-A1496254B29B}"
EndProject
Project("{FAE04EC0-301F-11D3-BF4B-00C04F79EFBC}") = "Meta.WitAi.Conduit.Editor", "Meta.WitAi.Conduit.Editor.csproj", "{79789F8D-EC92-331D-4AF0-C8CD4E5E80C6}"
EndProject
Project("{FAE04EC0-301F-11D3-BF4B-00C04F79EFBC}") = "Meta.WitAi", "Meta.WitAi.csproj", "{6F585ECF-1C15-B62B-1003-C47190586040}"
EndProject
Project("{FAE04EC0-301F-11D3-BF4B-00C04F79EFBC}") = "PhotonVoice", "PhotonVoice.csproj", "{C9398697-4EBF-448F-FB8D-339A628AA974}"
EndProject
Project("{FAE04EC0-301F-11D3-BF4B-00C04F79EFBC}") = "Fusion.Unity", "Fusion.Unity.csproj", "{D57AF47E-00CC-9B14-5C7A-927A4595F5D0}"
EndProject
Project("{FAE04EC0-301F-11D3-BF4B-00C04F79EFBC}") = "Oculus.LipSync", "Oculus.LipSync.csproj", "{3F424AC8-E72A-646B-D518-CF3B2A50AE5E}"
EndProject
Project("{FAE04EC0-301F-11D3-BF4B-00C04F79EFBC}") = "VoiceSDK.Editor", "VoiceSDK.Editor.csproj", "{D650359C-A8DB-FD22-DF8B-2A3F96D27AE2}"
EndProject
Project("{FAE04EC0-301F-11D3-BF4B-00C04F79EFBC}") = "Meta.WitAI.Lib.Editor", "Meta.WitAI.Lib.Editor.csproj", "{4ACA402A-2653-8EF2-1A13-2D852B3FDB0B}"
EndProject
Project("{FAE04EC0-301F-11D3-BF4B-00C04F79EFBC}") = "Voice.FMOD.Editor", "Voice.FMOD.Editor.csproj", "{1D361AB2-C636-6F3C-113C-490F3EC89937}"
EndProject
Project("{FAE04EC0-301F-11D3-BF4B-00C04F79EFBC}") = "Meta.WitAi.TTS", "Meta.WitAi.TTS.csproj", "{E5D0CA37-0273-4092-B347-7AECD81F6A6C}"
EndProject
Project("{FAE04EC0-301F-11D3-BF4B-00C04F79EFBC}") = "Meta.WitAi.TTS.Editor", "Meta.WitAi.TTS.Editor.csproj", "{5BA38314-B79B-94B4-A7CD-41F65D5AE041}"
EndProject
Project("{FAE04EC0-301F-11D3-BF4B-00C04F79EFBC}") = "Meta.Voice.Samples.BuiltInTimer", "Meta.Voice.Samples.BuiltInTimer.csproj", "{561CB071-A358-A4AF-F222-A409867D7FC1}"
EndProject
Project("{FAE04EC0-301F-11D3-BF4B-00C04F79EFBC}") = "Meta.Voice.VSDKHub.Editor", "Meta.Voice.VSDKHub.Editor.csproj", "{341FD691-0CA5-22A7-BDE8-C60A07A7E4DC}"
EndProject
Project("{FAE04EC0-301F-11D3-BF4B-00C04F79EFBC}") = "VoiceSDK.Dictation.Runtime", "VoiceSDK.Dictation.Runtime.csproj", "{01E63498-51F9-2161-2209-76A26A07E9D3}"
EndProject
Project("{FAE04EC0-301F-11D3-BF4B-00C04F79EFBC}") = "AssistantCoreSDKRuntime", "AssistantCoreSDKRuntime.csproj", "{BC826F7F-30B2-F7B2-065D-0B82FCC75EDA}"
EndProject
Project("{FAE04EC0-301F-11D3-BF4B-00C04F79EFBC}") = "Meta.Voice.Samples.TTSVoices", "Meta.Voice.Samples.TTSVoices.csproj", "{B40D0EF6-F5EE-A436-B306-123AC136CF85}"
EndProject
Project("{FAE04EC0-301F-11D3-BF4B-00C04F79EFBC}") = "VoiceSDK.Runtime", "VoiceSDK.Runtime.csproj", "{AF105BA9-FD49-E071-2BA0-1085B6D12E46}"
EndProject
Project("{FAE04EC0-301F-11D3-BF4B-00C04F79EFBC}") = "Meta.WitAi.TTS.Samples", "Meta.WitAi.TTS.Samples.csproj", "{0A57DC95-49E6-FCD2-589C-E3F2948383A5}"
EndProject
Project("{FAE04EC0-301F-11D3-BF4B-00C04F79EFBC}") = "Assembly-CSharp", "Assembly-CSharp.csproj", "{17C9BBB6-DFD1-497B-5741-BA51A909EF0F}"
EndProject
Project("{FAE04EC0-301F-11D3-BF4B-00C04F79EFBC}") = "PhotonVoice.Editor", "PhotonVoice.Editor.csproj", "{7D82AEFA-27A7-B929-83A6-2AE6015934CB}"
EndProject
Project("{FAE04EC0-301F-11D3-BF4B-00C04F79EFBC}") = "Meta.Voice.Samples.LightTraits", "Meta.Voice.Samples.LightTraits.csproj", "{48182933-B2D3-A34D-A58B-4949F25C6141}"
EndProject
Project("{FAE04EC0-301F-11D3-BF4B-00C04F79EFBC}") = "Meta.Voice.Hub.Editor", "Meta.Voice.Hub.Editor.csproj", "{6375487A-653B-7A10-F2D0-91F55D299895}"
EndProject
Project("{FAE04EC0-301F-11D3-BF4B-00C04F79EFBC}") = "Facebook.Wit.Dictation", "Facebook.Wit.Dictation.csproj", "{502F1BF4-BBF7-086E-236F-18BBEAA334EE}"
EndProject
Project("{FAE04EC0-301F-11D3-BF4B-00C04F79EFBC}") = "Oculus.LipSync.Editor", "Oculus.LipSync.Editor.csproj", "{9816EBF8-E5EE-0AB0-D2AF-AC7F1ECDECE0}"
EndProject
Project("{FAE04EC0-301F-11D3-BF4B-00C04F79EFBC}") = "Assembly-CSharp-Editor", "Assembly-CSharp-Editor.csproj", "{19180955-7982-A417-4A4F-B25D103765A6}"
EndProject
Project("{FAE04EC0-301F-11D3-BF4B-00C04F79EFBC}") = "Meta.VoiceSDK.Mic.Common", "Meta.VoiceSDK.Mic.Common.csproj", "{F878B133-3437-0B00-F832-7C7D463B5613}"
EndProject
Project("{FAE04EC0-301F-11D3-BF4B-00C04F79EFBC}") = "Meta.Voice.Samples.ShapesConduit", "Meta.Voice.Samples.ShapesConduit.csproj", "{F4DA5C65-45F1-E2B0-CB4A-55DF58B37812}"
EndProject
Project("{FAE04EC0-301F-11D3-BF4B-00C04F79EFBC}") = "Meta.VoiceSDK.Mic.Other", "Meta.VoiceSDK.Mic.Other.csproj", "{C989CD76-3618-78E8-CCAB-6C55C47857FD}"
EndProject
Project("{FAE04EC0-301F-11D3-BF4B-00C04F79EFBC}") = "Meta.Voice.Samples.LiveUnderstanding", "Meta.Voice.Samples.LiveUnderstanding.csproj", "{A543AC2D-DFD6-A289-F95B-D6F656F183C2}"
EndProject
Project("{FAE04EC0-301F-11D3-BF4B-00C04F79EFBC}") = "VoiceSDK.Dictation.Editor", "VoiceSDK.Dictation.Editor.csproj", "{FB8CB077-B630-39A6-5E19-97D3FA4CB1C4}"
EndProject
Project("{FAE04EC0-301F-11D3-BF4B-00C04F79EFBC}") = "AssistantCoreSDKEditor", "AssistantCoreSDKEditor.csproj", "{96CF8BE1-69C0-199B-3747-8F2A65D27A2E}"
EndProject
Project("{FAE04EC0-301F-11D3-BF4B-00C04F79EFBC}") = "PhotonVoice.Fusion", "PhotonVoice.Fusion.csproj", "{AD8231AB-F87E-64FE-A798-5B98FED918D1}"
EndProject
Project("{FAE04EC0-301F-11D3-BF4B-00C04F79EFBC}") = "Oculus.Interaction.InterfaceSupport", "Oculus.Interaction.InterfaceSupport.csproj", "{A253A3CD-8278-A753-FD8B-469A9A80788C}"
EndProject
Project("{FAE04EC0-301F-11D3-BF4B-00C04F79EFBC}") = "Meta.VoiceSDK.Mic.WebGL", "Meta.VoiceSDK.Mic.WebGL.csproj", "{7E714CF4-65F9-C919-9CA8-8BB0DEBA1CFC}"
EndProject
Project("{FAE04EC0-301F-11D3-BF4B-00C04F79EFBC}") = "MicAmplifierEditor.Editor", "MicAmplifierEditor.Editor.csproj", "{95C1052F-7E2D-A295-EBDF-A2B843218F8E}"
EndProject
Project("{FAE04EC0-301F-11D3-BF4B-00C04F79EFBC}") = "Meta.Voice.Hub.Runtime", "Meta.Voice.Hub.Runtime.csproj", "{687DD329-A739-9988-A24C-BB28CAD7A21C}"
EndProject
Project("{FAE04EC0-301F-11D3-BF4B-00C04F79EFBC}") = "Unity.Fusion.CodeGen", "Unity.Fusion.CodeGen.csproj", "{5F9CDACC-59F0-1AFB-713B-C60D91C51D1A}"
EndProject
Project("{FAE04EC0-301F-11D3-BF4B-00C04F79EFBC}") = "Meta.Voice.Samples.Chess", "Meta.Voice.Samples.Chess.csproj", "{FDDA5A11-44B3-AB30-E006-6FA89CA379BD}"
EndProject
Project("{FAE04EC0-301F-11D3-BF4B-00C04F79EFBC}") = "Meta.Voice.Samples.Dictation", "Meta.Voice.Samples.Dictation.csproj", "{B5D6D2AE-CD81-4FF1-3896-F984A48B9E48}"
EndProject
Project("{FAE04EC0-301F-11D3-BF4B-00C04F79EFBC}") = "Meta.Voice.Samples.Shapes", "Meta.Voice.Samples.Shapes.csproj", "{C27EE0CC-C9A0-6F62-3CE1-84C04D0CE5D6}"
EndProject
Project("{FAE04EC0-301F-11D3-BF4B-00C04F79EFBC}") = "PhotonVoice.Utilities.Editor", "PhotonVoice.Utilities.Editor.csproj", "{F271E7B4-6BD2-083B-5D15-955821E90DCA}"
EndProject
Project("{FAE04EC0-301F-11D3-BF4B-00C04F79EFBC}") = "PhotonVoice.Fusion.Editor", "PhotonVoice.Fusion.Editor.csproj", "{8B8B19E1-8D52-AAD6-D2EA-6E151CA8E7AF}"
EndProject
Project("{FAE04EC0-301F-11D3-BF4B-00C04F79EFBC}") = "Facebook.Wit.Dictation.Editor", "Facebook.Wit.Dictation.Editor.csproj", "{C788E5A0-78B2-051C-4324-F10DE77D2C68}"
EndProject
Global
	GlobalSection(SolutionConfigurationPlatforms) = preSolution
		Debug|Any CPU = Debug|Any CPU
		Release|Any CPU = Release|Any CPU
	EndGlobalSection
	GlobalSection(ProjectConfigurationPlatforms) = postSolution
		{D4FD7CE0-0384-E9A8-D1CF-ABF423F7E495}.Debug|Any CPU.ActiveCfg = Debug|Any CPU
		{D4FD7CE0-0384-E9A8-D1CF-ABF423F7E495}.Debug|Any CPU.Build.0 = Debug|Any CPU
		{D4FD7CE0-0384-E9A8-D1CF-ABF423F7E495}.Release|Any CPU.ActiveCfg = Release|Any CPU
		{D4FD7CE0-0384-E9A8-D1CF-ABF423F7E495}.Release|Any CPU.Build.0 = Release|Any CPU
		{572EFCCA-F57A-CBCB-35AE-4CBC857E0807}.Debug|Any CPU.ActiveCfg = Debug|Any CPU
		{572EFCCA-F57A-CBCB-35AE-4CBC857E0807}.Debug|Any CPU.Build.0 = Debug|Any CPU
		{572EFCCA-F57A-CBCB-35AE-4CBC857E0807}.Release|Any CPU.ActiveCfg = Release|Any CPU
		{572EFCCA-F57A-CBCB-35AE-4CBC857E0807}.Release|Any CPU.Build.0 = Release|Any CPU
		{FEF5F276-D05A-B483-FF5D-45DAD6950527}.Debug|Any CPU.ActiveCfg = Debug|Any CPU
		{FEF5F276-D05A-B483-FF5D-45DAD6950527}.Debug|Any CPU.Build.0 = Debug|Any CPU
		{FEF5F276-D05A-B483-FF5D-45DAD6950527}.Release|Any CPU.ActiveCfg = Release|Any CPU
		{FEF5F276-D05A-B483-FF5D-45DAD6950527}.Release|Any CPU.Build.0 = Release|Any CPU
		{CF88E4A9-D09B-6C63-96DB-F7FA3540BFEF}.Debug|Any CPU.ActiveCfg = Debug|Any CPU
		{CF88E4A9-D09B-6C63-96DB-F7FA3540BFEF}.Debug|Any CPU.Build.0 = Debug|Any CPU
		{CF88E4A9-D09B-6C63-96DB-F7FA3540BFEF}.Release|Any CPU.ActiveCfg = Release|Any CPU
		{CF88E4A9-D09B-6C63-96DB-F7FA3540BFEF}.Release|Any CPU.Build.0 = Release|Any CPU
		{976D2FC2-E328-62F7-2C8D-12D58319422F}.Debug|Any CPU.ActiveCfg = Debug|Any CPU
		{976D2FC2-E328-62F7-2C8D-12D58319422F}.Debug|Any CPU.Build.0 = Debug|Any CPU
		{976D2FC2-E328-62F7-2C8D-12D58319422F}.Release|Any CPU.ActiveCfg = Release|Any CPU
		{976D2FC2-E328-62F7-2C8D-12D58319422F}.Release|Any CPU.Build.0 = Release|Any CPU
		{6609548E-440E-1A5C-6543-AE268DAF0DB5}.Debug|Any CPU.ActiveCfg = Debug|Any CPU
		{6609548E-440E-1A5C-6543-AE268DAF0DB5}.Debug|Any CPU.Build.0 = Debug|Any CPU
		{6609548E-440E-1A5C-6543-AE268DAF0DB5}.Release|Any CPU.ActiveCfg = Release|Any CPU
		{6609548E-440E-1A5C-6543-AE268DAF0DB5}.Release|Any CPU.Build.0 = Release|Any CPU
		{07F8C18E-92E4-8B81-4CD1-1CAC94B6ADE3}.Debug|Any CPU.ActiveCfg = Debug|Any CPU
		{07F8C18E-92E4-8B81-4CD1-1CAC94B6ADE3}.Debug|Any CPU.Build.0 = Debug|Any CPU
		{07F8C18E-92E4-8B81-4CD1-1CAC94B6ADE3}.Release|Any CPU.ActiveCfg = Release|Any CPU
		{07F8C18E-92E4-8B81-4CD1-1CAC94B6ADE3}.Release|Any CPU.Build.0 = Release|Any CPU
		{3D1E7CE2-E265-8930-E45B-9A7DC44693B4}.Debug|Any CPU.ActiveCfg = Debug|Any CPU
		{3D1E7CE2-E265-8930-E45B-9A7DC44693B4}.Debug|Any CPU.Build.0 = Debug|Any CPU
		{3D1E7CE2-E265-8930-E45B-9A7DC44693B4}.Release|Any CPU.ActiveCfg = Release|Any CPU
		{3D1E7CE2-E265-8930-E45B-9A7DC44693B4}.Release|Any CPU.Build.0 = Release|Any CPU
		{BA5456AC-A147-2CD4-2010-A1496254B29B}.Debug|Any CPU.ActiveCfg = Debug|Any CPU
		{BA5456AC-A147-2CD4-2010-A1496254B29B}.Debug|Any CPU.Build.0 = Debug|Any CPU
		{BA5456AC-A147-2CD4-2010-A1496254B29B}.Release|Any CPU.ActiveCfg = Release|Any CPU
		{BA5456AC-A147-2CD4-2010-A1496254B29B}.Release|Any CPU.Build.0 = Release|Any CPU
		{79789F8D-EC92-331D-4AF0-C8CD4E5E80C6}.Debug|Any CPU.ActiveCfg = Debug|Any CPU
		{79789F8D-EC92-331D-4AF0-C8CD4E5E80C6}.Debug|Any CPU.Build.0 = Debug|Any CPU
		{79789F8D-EC92-331D-4AF0-C8CD4E5E80C6}.Release|Any CPU.ActiveCfg = Release|Any CPU
		{79789F8D-EC92-331D-4AF0-C8CD4E5E80C6}.Release|Any CPU.Build.0 = Release|Any CPU
		{6F585ECF-1C15-B62B-1003-C47190586040}.Debug|Any CPU.ActiveCfg = Debug|Any CPU
		{6F585ECF-1C15-B62B-1003-C47190586040}.Debug|Any CPU.Build.0 = Debug|Any CPU
		{6F585ECF-1C15-B62B-1003-C47190586040}.Release|Any CPU.ActiveCfg = Release|Any CPU
		{6F585ECF-1C15-B62B-1003-C47190586040}.Release|Any CPU.Build.0 = Release|Any CPU
		{C9398697-4EBF-448F-FB8D-339A628AA974}.Debug|Any CPU.ActiveCfg = Debug|Any CPU
		{C9398697-4EBF-448F-FB8D-339A628AA974}.Debug|Any CPU.Build.0 = Debug|Any CPU
		{C9398697-4EBF-448F-FB8D-339A628AA974}.Release|Any CPU.ActiveCfg = Release|Any CPU
		{C9398697-4EBF-448F-FB8D-339A628AA974}.Release|Any CPU.Build.0 = Release|Any CPU
		{D57AF47E-00CC-9B14-5C7A-927A4595F5D0}.Debug|Any CPU.ActiveCfg = Debug|Any CPU
		{D57AF47E-00CC-9B14-5C7A-927A4595F5D0}.Debug|Any CPU.Build.0 = Debug|Any CPU
		{D57AF47E-00CC-9B14-5C7A-927A4595F5D0}.Release|Any CPU.ActiveCfg = Release|Any CPU
		{D57AF47E-00CC-9B14-5C7A-927A4595F5D0}.Release|Any CPU.Build.0 = Release|Any CPU
		{3F424AC8-E72A-646B-D518-CF3B2A50AE5E}.Debug|Any CPU.ActiveCfg = Debug|Any CPU
		{3F424AC8-E72A-646B-D518-CF3B2A50AE5E}.Debug|Any CPU.Build.0 = Debug|Any CPU
		{3F424AC8-E72A-646B-D518-CF3B2A50AE5E}.Release|Any CPU.ActiveCfg = Release|Any CPU
		{3F424AC8-E72A-646B-D518-CF3B2A50AE5E}.Release|Any CPU.Build.0 = Release|Any CPU
		{D650359C-A8DB-FD22-DF8B-2A3F96D27AE2}.Debug|Any CPU.ActiveCfg = Debug|Any CPU
		{D650359C-A8DB-FD22-DF8B-2A3F96D27AE2}.Debug|Any CPU.Build.0 = Debug|Any CPU
		{D650359C-A8DB-FD22-DF8B-2A3F96D27AE2}.Release|Any CPU.ActiveCfg = Release|Any CPU
		{D650359C-A8DB-FD22-DF8B-2A3F96D27AE2}.Release|Any CPU.Build.0 = Release|Any CPU
		{4ACA402A-2653-8EF2-1A13-2D852B3FDB0B}.Debug|Any CPU.ActiveCfg = Debug|Any CPU
		{4ACA402A-2653-8EF2-1A13-2D852B3FDB0B}.Debug|Any CPU.Build.0 = Debug|Any CPU
		{4ACA402A-2653-8EF2-1A13-2D852B3FDB0B}.Release|Any CPU.ActiveCfg = Release|Any CPU
		{4ACA402A-2653-8EF2-1A13-2D852B3FDB0B}.Release|Any CPU.Build.0 = Release|Any CPU
		{1D361AB2-C636-6F3C-113C-490F3EC89937}.Debug|Any CPU.ActiveCfg = Debug|Any CPU
		{1D361AB2-C636-6F3C-113C-490F3EC89937}.Debug|Any CPU.Build.0 = Debug|Any CPU
		{1D361AB2-C636-6F3C-113C-490F3EC89937}.Release|Any CPU.ActiveCfg = Release|Any CPU
		{1D361AB2-C636-6F3C-113C-490F3EC89937}.Release|Any CPU.Build.0 = Release|Any CPU
		{E5D0CA37-0273-4092-B347-7AECD81F6A6C}.Debug|Any CPU.ActiveCfg = Debug|Any CPU
		{E5D0CA37-0273-4092-B347-7AECD81F6A6C}.Debug|Any CPU.Build.0 = Debug|Any CPU
		{E5D0CA37-0273-4092-B347-7AECD81F6A6C}.Release|Any CPU.ActiveCfg = Release|Any CPU
		{E5D0CA37-0273-4092-B347-7AECD81F6A6C}.Release|Any CPU.Build.0 = Release|Any CPU
		{5BA38314-B79B-94B4-A7CD-41F65D5AE041}.Debug|Any CPU.ActiveCfg = Debug|Any CPU
		{5BA38314-B79B-94B4-A7CD-41F65D5AE041}.Debug|Any CPU.Build.0 = Debug|Any CPU
		{5BA38314-B79B-94B4-A7CD-41F65D5AE041}.Release|Any CPU.ActiveCfg = Release|Any CPU
		{5BA38314-B79B-94B4-A7CD-41F65D5AE041}.Release|Any CPU.Build.0 = Release|Any CPU
		{561CB071-A358-A4AF-F222-A409867D7FC1}.Debug|Any CPU.ActiveCfg = Debug|Any CPU
		{561CB071-A358-A4AF-F222-A409867D7FC1}.Debug|Any CPU.Build.0 = Debug|Any CPU
		{561CB071-A358-A4AF-F222-A409867D7FC1}.Release|Any CPU.ActiveCfg = Release|Any CPU
		{561CB071-A358-A4AF-F222-A409867D7FC1}.Release|Any CPU.Build.0 = Release|Any CPU
		{341FD691-0CA5-22A7-BDE8-C60A07A7E4DC}.Debug|Any CPU.ActiveCfg = Debug|Any CPU
		{341FD691-0CA5-22A7-BDE8-C60A07A7E4DC}.Debug|Any CPU.Build.0 = Debug|Any CPU
		{341FD691-0CA5-22A7-BDE8-C60A07A7E4DC}.Release|Any CPU.ActiveCfg = Release|Any CPU
		{341FD691-0CA5-22A7-BDE8-C60A07A7E4DC}.Release|Any CPU.Build.0 = Release|Any CPU
		{01E63498-51F9-2161-2209-76A26A07E9D3}.Debug|Any CPU.ActiveCfg = Debug|Any CPU
		{01E63498-51F9-2161-2209-76A26A07E9D3}.Debug|Any CPU.Build.0 = Debug|Any CPU
		{01E63498-51F9-2161-2209-76A26A07E9D3}.Release|Any CPU.ActiveCfg = Release|Any CPU
		{01E63498-51F9-2161-2209-76A26A07E9D3}.Release|Any CPU.Build.0 = Release|Any CPU
		{BC826F7F-30B2-F7B2-065D-0B82FCC75EDA}.Debug|Any CPU.ActiveCfg = Debug|Any CPU
		{BC826F7F-30B2-F7B2-065D-0B82FCC75EDA}.Debug|Any CPU.Build.0 = Debug|Any CPU
		{BC826F7F-30B2-F7B2-065D-0B82FCC75EDA}.Release|Any CPU.ActiveCfg = Release|Any CPU
		{BC826F7F-30B2-F7B2-065D-0B82FCC75EDA}.Release|Any CPU.Build.0 = Release|Any CPU
		{B40D0EF6-F5EE-A436-B306-123AC136CF85}.Debug|Any CPU.ActiveCfg = Debug|Any CPU
		{B40D0EF6-F5EE-A436-B306-123AC136CF85}.Debug|Any CPU.Build.0 = Debug|Any CPU
		{B40D0EF6-F5EE-A436-B306-123AC136CF85}.Release|Any CPU.ActiveCfg = Release|Any CPU
		{B40D0EF6-F5EE-A436-B306-123AC136CF85}.Release|Any CPU.Build.0 = Release|Any CPU
		{AF105BA9-FD49-E071-2BA0-1085B6D12E46}.Debug|Any CPU.ActiveCfg = Debug|Any CPU
		{AF105BA9-FD49-E071-2BA0-1085B6D12E46}.Debug|Any CPU.Build.0 = Debug|Any CPU
		{AF105BA9-FD49-E071-2BA0-1085B6D12E46}.Release|Any CPU.ActiveCfg = Release|Any CPU
		{AF105BA9-FD49-E071-2BA0-1085B6D12E46}.Release|Any CPU.Build.0 = Release|Any CPU
		{0A57DC95-49E6-FCD2-589C-E3F2948383A5}.Debug|Any CPU.ActiveCfg = Debug|Any CPU
		{0A57DC95-49E6-FCD2-589C-E3F2948383A5}.Debug|Any CPU.Build.0 = Debug|Any CPU
		{0A57DC95-49E6-FCD2-589C-E3F2948383A5}.Release|Any CPU.ActiveCfg = Release|Any CPU
		{0A57DC95-49E6-FCD2-589C-E3F2948383A5}.Release|Any CPU.Build.0 = Release|Any CPU
		{17C9BBB6-DFD1-497B-5741-BA51A909EF0F}.Debug|Any CPU.ActiveCfg = Debug|Any CPU
		{17C9BBB6-DFD1-497B-5741-BA51A909EF0F}.Debug|Any CPU.Build.0 = Debug|Any CPU
		{17C9BBB6-DFD1-497B-5741-BA51A909EF0F}.Release|Any CPU.ActiveCfg = Release|Any CPU
		{17C9BBB6-DFD1-497B-5741-BA51A909EF0F}.Release|Any CPU.Build.0 = Release|Any CPU
		{7D82AEFA-27A7-B929-83A6-2AE6015934CB}.Debug|Any CPU.ActiveCfg = Debug|Any CPU
		{7D82AEFA-27A7-B929-83A6-2AE6015934CB}.Debug|Any CPU.Build.0 = Debug|Any CPU
		{7D82AEFA-27A7-B929-83A6-2AE6015934CB}.Release|Any CPU.ActiveCfg = Release|Any CPU
		{7D82AEFA-27A7-B929-83A6-2AE6015934CB}.Release|Any CPU.Build.0 = Release|Any CPU
		{48182933-B2D3-A34D-A58B-4949F25C6141}.Debug|Any CPU.ActiveCfg = Debug|Any CPU
		{48182933-B2D3-A34D-A58B-4949F25C6141}.Debug|Any CPU.Build.0 = Debug|Any CPU
		{48182933-B2D3-A34D-A58B-4949F25C6141}.Release|Any CPU.ActiveCfg = Release|Any CPU
		{48182933-B2D3-A34D-A58B-4949F25C6141}.Release|Any CPU.Build.0 = Release|Any CPU
		{6375487A-653B-7A10-F2D0-91F55D299895}.Debug|Any CPU.ActiveCfg = Debug|Any CPU
		{6375487A-653B-7A10-F2D0-91F55D299895}.Debug|Any CPU.Build.0 = Debug|Any CPU
		{6375487A-653B-7A10-F2D0-91F55D299895}.Release|Any CPU.ActiveCfg = Release|Any CPU
		{6375487A-653B-7A10-F2D0-91F55D299895}.Release|Any CPU.Build.0 = Release|Any CPU
		{502F1BF4-BBF7-086E-236F-18BBEAA334EE}.Debug|Any CPU.ActiveCfg = Debug|Any CPU
		{502F1BF4-BBF7-086E-236F-18BBEAA334EE}.Debug|Any CPU.Build.0 = Debug|Any CPU
		{502F1BF4-BBF7-086E-236F-18BBEAA334EE}.Release|Any CPU.ActiveCfg = Release|Any CPU
		{502F1BF4-BBF7-086E-236F-18BBEAA334EE}.Release|Any CPU.Build.0 = Release|Any CPU
		{9816EBF8-E5EE-0AB0-D2AF-AC7F1ECDECE0}.Debug|Any CPU.ActiveCfg = Debug|Any CPU
		{9816EBF8-E5EE-0AB0-D2AF-AC7F1ECDECE0}.Debug|Any CPU.Build.0 = Debug|Any CPU
		{9816EBF8-E5EE-0AB0-D2AF-AC7F1ECDECE0}.Release|Any CPU.ActiveCfg = Release|Any CPU
		{9816EBF8-E5EE-0AB0-D2AF-AC7F1ECDECE0}.Release|Any CPU.Build.0 = Release|Any CPU
		{19180955-7982-A417-4A4F-B25D103765A6}.Debug|Any CPU.ActiveCfg = Debug|Any CPU
		{19180955-7982-A417-4A4F-B25D103765A6}.Debug|Any CPU.Build.0 = Debug|Any CPU
		{19180955-7982-A417-4A4F-B25D103765A6}.Release|Any CPU.ActiveCfg = Release|Any CPU
		{19180955-7982-A417-4A4F-B25D103765A6}.Release|Any CPU.Build.0 = Release|Any CPU
		{F878B133-3437-0B00-F832-7C7D463B5613}.Debug|Any CPU.ActiveCfg = Debug|Any CPU
		{F878B133-3437-0B00-F832-7C7D463B5613}.Debug|Any CPU.Build.0 = Debug|Any CPU
		{F878B133-3437-0B00-F832-7C7D463B5613}.Release|Any CPU.ActiveCfg = Release|Any CPU
		{F878B133-3437-0B00-F832-7C7D463B5613}.Release|Any CPU.Build.0 = Release|Any CPU
		{F4DA5C65-45F1-E2B0-CB4A-55DF58B37812}.Debug|Any CPU.ActiveCfg = Debug|Any CPU
		{F4DA5C65-45F1-E2B0-CB4A-55DF58B37812}.Debug|Any CPU.Build.0 = Debug|Any CPU
		{F4DA5C65-45F1-E2B0-CB4A-55DF58B37812}.Release|Any CPU.ActiveCfg = Release|Any CPU
		{F4DA5C65-45F1-E2B0-CB4A-55DF58B37812}.Release|Any CPU.Build.0 = Release|Any CPU
		{C989CD76-3618-78E8-CCAB-6C55C47857FD}.Debug|Any CPU.ActiveCfg = Debug|Any CPU
		{C989CD76-3618-78E8-CCAB-6C55C47857FD}.Debug|Any CPU.Build.0 = Debug|Any CPU
		{C989CD76-3618-78E8-CCAB-6C55C47857FD}.Release|Any CPU.ActiveCfg = Release|Any CPU
		{C989CD76-3618-78E8-CCAB-6C55C47857FD}.Release|Any CPU.Build.0 = Release|Any CPU
		{A543AC2D-DFD6-A289-F95B-D6F656F183C2}.Debug|Any CPU.ActiveCfg = Debug|Any CPU
		{A543AC2D-DFD6-A289-F95B-D6F656F183C2}.Debug|Any CPU.Build.0 = Debug|Any CPU
		{A543AC2D-DFD6-A289-F95B-D6F656F183C2}.Release|Any CPU.ActiveCfg = Release|Any CPU
		{A543AC2D-DFD6-A289-F95B-D6F656F183C2}.Release|Any CPU.Build.0 = Release|Any CPU
		{FB8CB077-B630-39A6-5E19-97D3FA4CB1C4}.Debug|Any CPU.ActiveCfg = Debug|Any CPU
		{FB8CB077-B630-39A6-5E19-97D3FA4CB1C4}.Debug|Any CPU.Build.0 = Debug|Any CPU
		{FB8CB077-B630-39A6-5E19-97D3FA4CB1C4}.Release|Any CPU.ActiveCfg = Release|Any CPU
		{FB8CB077-B630-39A6-5E19-97D3FA4CB1C4}.Release|Any CPU.Build.0 = Release|Any CPU
		{96CF8BE1-69C0-199B-3747-8F2A65D27A2E}.Debug|Any CPU.ActiveCfg = Debug|Any CPU
		{96CF8BE1-69C0-199B-3747-8F2A65D27A2E}.Debug|Any CPU.Build.0 = Debug|Any CPU
		{96CF8BE1-69C0-199B-3747-8F2A65D27A2E}.Release|Any CPU.ActiveCfg = Release|Any CPU
		{96CF8BE1-69C0-199B-3747-8F2A65D27A2E}.Release|Any CPU.Build.0 = Release|Any CPU
		{AD8231AB-F87E-64FE-A798-5B98FED918D1}.Debug|Any CPU.ActiveCfg = Debug|Any CPU
		{AD8231AB-F87E-64FE-A798-5B98FED918D1}.Debug|Any CPU.Build.0 = Debug|Any CPU
		{AD8231AB-F87E-64FE-A798-5B98FED918D1}.Release|Any CPU.ActiveCfg = Release|Any CPU
		{AD8231AB-F87E-64FE-A798-5B98FED918D1}.Release|Any CPU.Build.0 = Release|Any CPU
		{A253A3CD-8278-A753-FD8B-469A9A80788C}.Debug|Any CPU.ActiveCfg = Debug|Any CPU
		{A253A3CD-8278-A753-FD8B-469A9A80788C}.Debug|Any CPU.Build.0 = Debug|Any CPU
		{A253A3CD-8278-A753-FD8B-469A9A80788C}.Release|Any CPU.ActiveCfg = Release|Any CPU
		{A253A3CD-8278-A753-FD8B-469A9A80788C}.Release|Any CPU.Build.0 = Release|Any CPU
		{7E714CF4-65F9-C919-9CA8-8BB0DEBA1CFC}.Debug|Any CPU.ActiveCfg = Debug|Any CPU
		{7E714CF4-65F9-C919-9CA8-8BB0DEBA1CFC}.Debug|Any CPU.Build.0 = Debug|Any CPU
		{7E714CF4-65F9-C919-9CA8-8BB0DEBA1CFC}.Release|Any CPU.ActiveCfg = Release|Any CPU
		{7E714CF4-65F9-C919-9CA8-8BB0DEBA1CFC}.Release|Any CPU.Build.0 = Release|Any CPU
		{95C1052F-7E2D-A295-EBDF-A2B843218F8E}.Debug|Any CPU.ActiveCfg = Debug|Any CPU
		{95C1052F-7E2D-A295-EBDF-A2B843218F8E}.Debug|Any CPU.Build.0 = Debug|Any CPU
		{95C1052F-7E2D-A295-EBDF-A2B843218F8E}.Release|Any CPU.ActiveCfg = Release|Any CPU
		{95C1052F-7E2D-A295-EBDF-A2B843218F8E}.Release|Any CPU.Build.0 = Release|Any CPU
		{687DD329-A739-9988-A24C-BB28CAD7A21C}.Debug|Any CPU.ActiveCfg = Debug|Any CPU
		{687DD329-A739-9988-A24C-BB28CAD7A21C}.Debug|Any CPU.Build.0 = Debug|Any CPU
		{687DD329-A739-9988-A24C-BB28CAD7A21C}.Release|Any CPU.ActiveCfg = Release|Any CPU
		{687DD329-A739-9988-A24C-BB28CAD7A21C}.Release|Any CPU.Build.0 = Release|Any CPU
		{5F9CDACC-59F0-1AFB-713B-C60D91C51D1A}.Debug|Any CPU.ActiveCfg = Debug|Any CPU
		{5F9CDACC-59F0-1AFB-713B-C60D91C51D1A}.Debug|Any CPU.Build.0 = Debug|Any CPU
		{5F9CDACC-59F0-1AFB-713B-C60D91C51D1A}.Release|Any CPU.ActiveCfg = Release|Any CPU
		{5F9CDACC-59F0-1AFB-713B-C60D91C51D1A}.Release|Any CPU.Build.0 = Release|Any CPU
		{FDDA5A11-44B3-AB30-E006-6FA89CA379BD}.Debug|Any CPU.ActiveCfg = Debug|Any CPU
		{FDDA5A11-44B3-AB30-E006-6FA89CA379BD}.Debug|Any CPU.Build.0 = Debug|Any CPU
		{FDDA5A11-44B3-AB30-E006-6FA89CA379BD}.Release|Any CPU.ActiveCfg = Release|Any CPU
		{FDDA5A11-44B3-AB30-E006-6FA89CA379BD}.Release|Any CPU.Build.0 = Release|Any CPU
		{B5D6D2AE-CD81-4FF1-3896-F984A48B9E48}.Debug|Any CPU.ActiveCfg = Debug|Any CPU
		{B5D6D2AE-CD81-4FF1-3896-F984A48B9E48}.Debug|Any CPU.Build.0 = Debug|Any CPU
		{B5D6D2AE-CD81-4FF1-3896-F984A48B9E48}.Release|Any CPU.ActiveCfg = Release|Any CPU
		{B5D6D2AE-CD81-4FF1-3896-F984A48B9E48}.Release|Any CPU.Build.0 = Release|Any CPU
		{C27EE0CC-C9A0-6F62-3CE1-84C04D0CE5D6}.Debug|Any CPU.ActiveCfg = Debug|Any CPU
		{C27EE0CC-C9A0-6F62-3CE1-84C04D0CE5D6}.Debug|Any CPU.Build.0 = Debug|Any CPU
		{C27EE0CC-C9A0-6F62-3CE1-84C04D0CE5D6}.Release|Any CPU.ActiveCfg = Release|Any CPU
		{C27EE0CC-C9A0-6F62-3CE1-84C04D0CE5D6}.Release|Any CPU.Build.0 = Release|Any CPU
		{F271E7B4-6BD2-083B-5D15-955821E90DCA}.Debug|Any CPU.ActiveCfg = Debug|Any CPU
		{F271E7B4-6BD2-083B-5D15-955821E90DCA}.Debug|Any CPU.Build.0 = Debug|Any CPU
		{F271E7B4-6BD2-083B-5D15-955821E90DCA}.Release|Any CPU.ActiveCfg = Release|Any CPU
		{F271E7B4-6BD2-083B-5D15-955821E90DCA}.Release|Any CPU.Build.0 = Release|Any CPU
		{8B8B19E1-8D52-AAD6-D2EA-6E151CA8E7AF}.Debug|Any CPU.ActiveCfg = Debug|Any CPU
		{8B8B19E1-8D52-AAD6-D2EA-6E151CA8E7AF}.Debug|Any CPU.Build.0 = Debug|Any CPU
		{8B8B19E1-8D52-AAD6-D2EA-6E151CA8E7AF}.Release|Any CPU.ActiveCfg = Release|Any CPU
		{8B8B19E1-8D52-AAD6-D2EA-6E151CA8E7AF}.Release|Any CPU.Build.0 = Release|Any CPU
		{C788E5A0-78B2-051C-4324-F10DE77D2C68}.Debug|Any CPU.ActiveCfg = Debug|Any CPU
		{C788E5A0-78B2-051C-4324-F10DE77D2C68}.Debug|Any CPU.Build.0 = Debug|Any CPU
		{C788E5A0-78B2-051C-4324-F10DE77D2C68}.Release|Any CPU.ActiveCfg = Release|Any CPU
		{C788E5A0-78B2-051C-4324-F10DE77D2C68}.Release|Any CPU.Build.0 = Release|Any CPU
	EndGlobalSection
	GlobalSection(SolutionProperties) = preSolution
		HideSolutionNode = FALSE
	EndGlobalSection
EndGlobal
